
Microsoft Visual Studio Solution File, Format Version 12.00
# Visual Studio Version 16
VisualStudioVersion = 16.0.29609.76
MinimumVisualStudioVersion = 10.0.40219.1
Project("{FAE04EC0-301F-11D3-BF4B-00C04F79EFBC}") = "EastenPortal", "EastenPortal.csproj", "{06B26D9B-ECF3-4991-80CA-A73542D3F8CC}"
EndProject
Project("{FAE04EC0-301F-11D3-BF4B-00C04F79EFBC}") = "Easten.Core", "..\Easten.Core\Easten.Core.csproj", "{E27C0AC8-32CC-41D2-9309-2F2A64FB36B6}"
EndProject
Project("{FAE04EC0-301F-11D3-BF4B-00C04F79EFBC}") = "Easten.Gateway", "..\Easten.Gateway\Easten.Gateway.csproj", "{435C7311-C7B2-4247-AD90-ED1E24B461E9}"
EndProject
Project("{FAE04EC0-301F-11D3-BF4B-00C04F79EFBC}") = "Easten.Interface", "..\Easten.Interface\Easten.Interface.csproj", "{52D82A9A-785A-4EBB-8889-570BC9F4FFDE}"
EndProject
Project("{FAE04EC0-301F-11D3-BF4B-00C04F79EFBC}") = "Easten.Identify", "..\Easten.Identify\Easten.Identify.csproj", "{B0843A2F-5575-45A1-83A8-EF1302CE674A}"
EndProject
Project("{FAE04EC0-301F-11D3-BF4B-00C04F79EFBC}") = "Easten.OAuth2", "..\Easten.OAuth2\Easten.OAuth2.csproj", "{80A916BF-327E-42C7-8456-8755A617D2D7}"
EndProject
Project("{FAE04EC0-301F-11D3-BF4B-00C04F79EFBC}") = "Easten.RestAPI", "..\Easten.RestAPI\Easten.RestAPI.csproj", "{A0444AE2-6C00-4EA7-B34E-1F23A2538BF5}"
EndProject
Project("{2150E333-8FDC-42A3-9474-1A3956D46DE8}") = "Domain", "Domain", "{1A90DF04-1BB0-4126-8B88-F892A00A3C96}"
EndProject
Project("{FAE04EC0-301F-11D3-BF4B-00C04F79EFBC}") = "Easten.Mongo", "..\Easten.Mongo\Easten.Mongo.csproj", "{BF2AB45F-21A7-4D50-A83E-14AB1781F69A}"
EndProject
Project("{FAE04EC0-301F-11D3-BF4B-00C04F79EFBC}") = "Easten.Log4net", "..\Easten.Log4net\Easten.Log4net.csproj", "{BD36FAB4-F86E-4588-A404-D0C786FF1D18}"
EndProject
Project("{FAE04EC0-301F-11D3-BF4B-00C04F79EFBC}") = "Easten.Redis", "..\Easten.Redis\Easten.Redis.csproj", "{72C61ECA-A6E4-432B-8D8D-C90F1459295A}"
EndProject
Project("{FAE04EC0-301F-11D3-BF4B-00C04F79EFBC}") = "Easten.Signalr", "..\Easten.Signalr\Easten.Signalr.csproj", "{556AF4A9-9ADC-4AA2-9204-7B7ECA2925FB}"
EndProject
Project("{FAE04EC0-301F-11D3-BF4B-00C04F79EFBC}") = "Easten.gRpc", "..\Easten.gRpc\Easten.gRpc.csproj", "{CEC38318-A4EE-41E5-9C9E-84C33CB3B420}"
EndProject
Project("{FAE04EC0-301F-11D3-BF4B-00C04F79EFBC}") = "Easten.Socket", "..\Easten.Socket\Easten.Socket.csproj", "{71A4E25B-8483-49B5-92FD-D9D18AC3AA3A}"
EndProject
Project("{2150E333-8FDC-42A3-9474-1A3956D46DE8}") = "Tools", "Tools", "{ACD15218-A84D-4040-8CC6-9EA1D99DF68D}"
EndProject
Project("{FAE04EC0-301F-11D3-BF4B-00C04F79EFBC}") = "Easten.SerialPort", "..\Easten.SerialPort\Easten.SerialPort.csproj", "{41BBA49B-5067-41F4-AE26-29A79AD3A656}"
EndProject
Project("{FAE04EC0-301F-11D3-BF4B-00C04F79EFBC}") = "Easten.Modbus", "..\Easten.Modbus\Easten.Modbus.csproj", "{6A9626E7-41CA-4D45-B50F-CC1406458F0D}"
EndProject
Global
	GlobalSection(SolutionConfigurationPlatforms) = preSolution
		Debug|Any CPU = Debug|Any CPU
		Release|Any CPU = Release|Any CPU
	EndGlobalSection
	GlobalSection(ProjectConfigurationPlatforms) = postSolution
		{06B26D9B-ECF3-4991-80CA-A73542D3F8CC}.Debug|Any CPU.ActiveCfg = Debug|Any CPU
		{06B26D9B-ECF3-4991-80CA-A73542D3F8CC}.Debug|Any CPU.Build.0 = Debug|Any CPU
		{06B26D9B-ECF3-4991-80CA-A73542D3F8CC}.Release|Any CPU.ActiveCfg = Release|Any CPU
		{06B26D9B-ECF3-4991-80CA-A73542D3F8CC}.Release|Any CPU.Build.0 = Release|Any CPU
		{E27C0AC8-32CC-41D2-9309-2F2A64FB36B6}.Debug|Any CPU.ActiveCfg = Debug|Any CPU
		{E27C0AC8-32CC-41D2-9309-2F2A64FB36B6}.Debug|Any CPU.Build.0 = Debug|Any CPU
		{E27C0AC8-32CC-41D2-9309-2F2A64FB36B6}.Release|Any CPU.ActiveCfg = Release|Any CPU
		{E27C0AC8-32CC-41D2-9309-2F2A64FB36B6}.Release|Any CPU.Build.0 = Release|Any CPU
		{435C7311-C7B2-4247-AD90-ED1E24B461E9}.Debug|Any CPU.ActiveCfg = Debug|Any CPU
		{435C7311-C7B2-4247-AD90-ED1E24B461E9}.Debug|Any CPU.Build.0 = Debug|Any CPU
		{435C7311-C7B2-4247-AD90-ED1E24B461E9}.Release|Any CPU.ActiveCfg = Release|Any CPU
		{435C7311-C7B2-4247-AD90-ED1E24B461E9}.Release|Any CPU.Build.0 = Release|Any CPU
		{52D82A9A-785A-4EBB-8889-570BC9F4FFDE}.Debug|Any CPU.ActiveCfg = Debug|Any CPU
		{52D82A9A-785A-4EBB-8889-570BC9F4FFDE}.Debug|Any CPU.Build.0 = Debug|Any CPU
		{52D82A9A-785A-4EBB-8889-570BC9F4FFDE}.Release|Any CPU.ActiveCfg = Release|Any CPU
		{52D82A9A-785A-4EBB-8889-570BC9F4FFDE}.Release|Any CPU.Build.0 = Release|Any CPU
		{B0843A2F-5575-45A1-83A8-EF1302CE674A}.Debug|Any CPU.ActiveCfg = Debug|Any CPU
		{B0843A2F-5575-45A1-83A8-EF1302CE674A}.Debug|Any CPU.Build.0 = Debug|Any CPU
		{B0843A2F-5575-45A1-83A8-EF1302CE674A}.Release|Any CPU.ActiveCfg = Release|Any CPU
		{B0843A2F-5575-45A1-83A8-EF1302CE674A}.Release|Any CPU.Build.0 = Release|Any CPU
		{80A916BF-327E-42C7-8456-8755A617D2D7}.Debug|Any CPU.ActiveCfg = Debug|Any CPU
		{80A916BF-327E-42C7-8456-8755A617D2D7}.Debug|Any CPU.Build.0 = Debug|Any CPU
		{80A916BF-327E-42C7-8456-8755A617D2D7}.Release|Any CPU.ActiveCfg = Release|Any CPU
		{80A916BF-327E-42C7-8456-8755A617D2D7}.Release|Any CPU.Build.0 = Release|Any CPU
		{A0444AE2-6C00-4EA7-B34E-1F23A2538BF5}.Debug|Any CPU.ActiveCfg = Debug|Any CPU
		{A0444AE2-6C00-4EA7-B34E-1F23A2538BF5}.Debug|Any CPU.Build.0 = Debug|Any CPU
		{A0444AE2-6C00-4EA7-B34E-1F23A2538BF5}.Release|Any CPU.ActiveCfg = Release|Any CPU
		{A0444AE2-6C00-4EA7-B34E-1F23A2538BF5}.Release|Any CPU.Build.0 = Release|Any CPU
		{BF2AB45F-21A7-4D50-A83E-14AB1781F69A}.Debug|Any CPU.ActiveCfg = Debug|Any CPU
		{BF2AB45F-21A7-4D50-A83E-14AB1781F69A}.Debug|Any CPU.Build.0 = Debug|Any CPU
		{BF2AB45F-21A7-4D50-A83E-14AB1781F69A}.Release|Any CPU.ActiveCfg = Release|Any CPU
		{BF2AB45F-21A7-4D50-A83E-14AB1781F69A}.Release|Any CPU.Build.0 = Release|Any CPU
		{BD36FAB4-F86E-4588-A404-D0C786FF1D18}.Debug|Any CPU.ActiveCfg = Debug|Any CPU
		{BD36FAB4-F86E-4588-A404-D0C786FF1D18}.Debug|Any CPU.Build.0 = Debug|Any CPU
		{BD36FAB4-F86E-4588-A404-D0C786FF1D18}.Release|Any CPU.ActiveCfg = Release|Any CPU
		{BD36FAB4-F86E-4588-A404-D0C786FF1D18}.Release|Any CPU.Build.0 = Release|Any CPU
		{72C61ECA-A6E4-432B-8D8D-C90F1459295A}.Debug|Any CPU.ActiveCfg = Debug|Any CPU
		{72C61ECA-A6E4-432B-8D8D-C90F1459295A}.Debug|Any CPU.Build.0 = Debug|Any CPU
		{72C61ECA-A6E4-432B-8D8D-C90F1459295A}.Release|Any CPU.ActiveCfg = Release|Any CPU
		{72C61ECA-A6E4-432B-8D8D-C90F1459295A}.Release|Any CPU.Build.0 = Release|Any CPU
		{556AF4A9-9ADC-4AA2-9204-7B7ECA2925FB}.Debug|Any CPU.ActiveCfg = Debug|Any CPU
		{556AF4A9-9ADC-4AA2-9204-7B7ECA2925FB}.Debug|Any CPU.Build.0 = Debug|Any CPU
		{556AF4A9-9ADC-4AA2-9204-7B7ECA2925FB}.Release|Any CPU.ActiveCfg = Release|Any CPU
		{556AF4A9-9ADC-4AA2-9204-7B7ECA2925FB}.Release|Any CPU.Build.0 = Release|Any CPU
		{CEC38318-A4EE-41E5-9C9E-84C33CB3B420}.Debug|Any CPU.ActiveCfg = Debug|Any CPU
		{CEC38318-A4EE-41E5-9C9E-84C33CB3B420}.Debug|Any CPU.Build.0 = Debug|Any CPU
		{CEC38318-A4EE-41E5-9C9E-84C33CB3B420}.Release|Any CPU.ActiveCfg = Release|Any CPU
		{CEC38318-A4EE-41E5-9C9E-84C33CB3B420}.Release|Any CPU.Build.0 = Release|Any CPU
		{71A4E25B-8483-49B5-92FD-D9D18AC3AA3A}.Debug|Any CPU.ActiveCfg = Debug|Any CPU
		{71A4E25B-8483-49B5-92FD-D9D18AC3AA3A}.Debug|Any CPU.Build.0 = Debug|Any CPU
		{71A4E25B-8483-49B5-92FD-D9D18AC3AA3A}.Release|Any CPU.ActiveCfg = Release|Any CPU
		{71A4E25B-8483-49B5-92FD-D9D18AC3AA3A}.Release|Any CPU.Build.0 = Release|Any CPU
		{41BBA49B-5067-41F4-AE26-29A79AD3A656}.Debug|Any CPU.ActiveCfg = Debug|Any CPU
		{41BBA49B-5067-41F4-AE26-29A79AD3A656}.Debug|Any CPU.Build.0 = Debug|Any CPU
		{41BBA49B-5067-41F4-AE26-29A79AD3A656}.Release|Any CPU.ActiveCfg = Release|Any CPU
		{41BBA49B-5067-41F4-AE26-29A79AD3A656}.Release|Any CPU.Build.0 = Release|Any CPU
		{6A9626E7-41CA-4D45-B50F-CC1406458F0D}.Debug|Any CPU.ActiveCfg = Debug|Any CPU
		{6A9626E7-41CA-4D45-B50F-CC1406458F0D}.Debug|Any CPU.Build.0 = Debug|Any CPU
		{6A9626E7-41CA-4D45-B50F-CC1406458F0D}.Release|Any CPU.ActiveCfg = Release|Any CPU
		{6A9626E7-41CA-4D45-B50F-CC1406458F0D}.Release|Any CPU.Build.0 = Release|Any CPU
	EndGlobalSection
	GlobalSection(SolutionProperties) = preSolution
		HideSolutionNode = FALSE
	EndGlobalSection
	GlobalSection(NestedProjects) = preSolution
		{BF2AB45F-21A7-4D50-A83E-14AB1781F69A} = {1A90DF04-1BB0-4126-8B88-F892A00A3C96}
		{BD36FAB4-F86E-4588-A404-D0C786FF1D18} = {1A90DF04-1BB0-4126-8B88-F892A00A3C96}
		{72C61ECA-A6E4-432B-8D8D-C90F1459295A} = {1A90DF04-1BB0-4126-8B88-F892A00A3C96}
		{556AF4A9-9ADC-4AA2-9204-7B7ECA2925FB} = {1A90DF04-1BB0-4126-8B88-F892A00A3C96}
		{CEC38318-A4EE-41E5-9C9E-84C33CB3B420} = {1A90DF04-1BB0-4126-8B88-F892A00A3C96}
		{71A4E25B-8483-49B5-92FD-D9D18AC3AA3A} = {1A90DF04-1BB0-4126-8B88-F892A00A3C96}
		{41BBA49B-5067-41F4-AE26-29A79AD3A656} = {ACD15218-A84D-4040-8CC6-9EA1D99DF68D}
		{6A9626E7-41CA-4D45-B50F-CC1406458F0D} = {ACD15218-A84D-4040-8CC6-9EA1D99DF68D}
	EndGlobalSection
	GlobalSection(ExtensibilityGlobals) = postSolution
		SolutionGuid = {ECC2362B-A141-4342-BB64-C2417A259D8D}
	EndGlobalSection
EndGlobal
